
Microsoft Visual Studio Solution File, Format Version 12.00
# Visual Studio 15
Project("{FAE04EC0-301F-11D3-BF4B-00C04F79EFBC}") = "Assembly-CSharp", "Assembly-CSharp.csproj", "{50EDB771-1636-5B2B-9370-2E4FB7F82F0C}"
EndProject
Project("{FAE04EC0-301F-11D3-BF4B-00C04F79EFBC}") = "Assembly-CSharp-firstpass", "Assembly-CSharp-firstpass.csproj", "{A6CA111C-1B7D-68BD-D7BE-BBCDDB1372A1}"
EndProject
Project("{FAE04EC0-301F-11D3-BF4B-00C04F79EFBC}") = "Assembly-CSharp-Editor-firstpass", "Assembly-CSharp-Editor-firstpass.csproj", "{D476DBF2-723F-09F7-EF3B-BD62694B86EE}"
EndProject
Global
	GlobalSection(SolutionConfigurationPlatforms) = preSolution
		Debug|Any CPU = Debug|Any CPU
		Release|Any CPU = Release|Any CPU
	EndGlobalSection
	GlobalSection(ProjectConfigurationPlatforms) = postSolution
		{50EDB771-1636-5B2B-9370-2E4FB7F82F0C}.Debug|Any CPU.ActiveCfg = Debug|Any CPU
		{50EDB771-1636-5B2B-9370-2E4FB7F82F0C}.Debug|Any CPU.Build.0 = Debug|Any CPU
		{50EDB771-1636-5B2B-9370-2E4FB7F82F0C}.Release|Any CPU.ActiveCfg = Release|Any CPU
		{50EDB771-1636-5B2B-9370-2E4FB7F82F0C}.Release|Any CPU.Build.0 = Release|Any CPU
		{A6CA111C-1B7D-68BD-D7BE-BBCDDB1372A1}.Debug|Any CPU.ActiveCfg = Debug|Any CPU
		{A6CA111C-1B7D-68BD-D7BE-BBCDDB1372A1}.Debug|Any CPU.Build.0 = Debug|Any CPU
		{A6CA111C-1B7D-68BD-D7BE-BBCDDB1372A1}.Release|Any CPU.ActiveCfg = Release|Any CPU
		{A6CA111C-1B7D-68BD-D7BE-BBCDDB1372A1}.Release|Any CPU.Build.0 = Release|Any CPU
		{D476DBF2-723F-09F7-EF3B-BD62694B86EE}.Debug|Any CPU.ActiveCfg = Debug|Any CPU
		{D476DBF2-723F-09F7-EF3B-BD62694B86EE}.Debug|Any CPU.Build.0 = Debug|Any CPU
		{D476DBF2-723F-09F7-EF3B-BD62694B86EE}.Release|Any CPU.ActiveCfg = Release|Any CPU
		{D476DBF2-723F-09F7-EF3B-BD62694B86EE}.Release|Any CPU.Build.0 = Release|Any CPU
	EndGlobalSection
	GlobalSection(SolutionProperties) = preSolution
		HideSolutionNode = FALSE
	EndGlobalSection
EndGlobal
